
Microsoft Visual Studio Solution File, Format Version 12.00
# Visual Studio Version 16
VisualStudioVersion = 16.0.31019.35
MinimumVisualStudioVersion = 10.0.40219.1
Project("{8BC9CEB8-8B4A-11D0-8D11-00A0C91BC942}") = "NovelGame", "NovelGame.vcxproj", "{6CE45AE7-B285-4E31-9766-0EE1A5E10DEE}"
EndProject
Global
	GlobalSection(SolutionConfigurationPlatforms) = preSolution
		Debug|x64 = Debug|x64
		Debug|x86 = Debug|x86
		Release|x64 = Release|x64
		Release|x86 = Release|x86
	EndGlobalSection
	GlobalSection(ProjectConfigurationPlatforms) = postSolution
		{6CE45AE7-B285-4E31-9766-0EE1A5E10DEE}.Debug|x64.ActiveCfg = Debug|x64
		{6CE45AE7-B285-4E31-9766-0EE1A5E10DEE}.Debug|x64.Build.0 = Debug|x64
		{6CE45AE7-B285-4E31-9766-0EE1A5E10DEE}.Debug|x86.ActiveCfg = Debug|x64
		{6CE45AE7-B285-4E31-9766-0EE1A5E10DEE}.Release|x64.ActiveCfg = Debug|x64
		{6CE45AE7-B285-4E31-9766-0EE1A5E10DEE}.Release|x64.Build.0 = Debug|x64
		{6CE45AE7-B285-4E31-9766-0EE1A5E10DEE}.Release|x86.ActiveCfg = Release|x64
	EndGlobalSection
	GlobalSection(SolutionProperties) = preSolution
		HideSolutionNode = FALSE
	EndGlobalSection
	GlobalSection(ExtensibilityGlobals) = postSolution
		SolutionGuid = {39082502-440E-40CA-A57A-9D25C7B2A5E1}
	EndGlobalSection
EndGlobal
